
Microsoft Visual Studio Solution File, Format Version 11.00
# Visual Studio 2010
Project("{FAE04EC0-301F-11D3-BF4B-00C04F79EFBC}") = "TopShelfService", "TopShelfService\TopShelfService.csproj", "{DD9C2D95-80E7-476C-9852-D4B7CE9F24B4}"
EndProject
Project("{2150E333-8FDC-42A3-9474-1A3956D46DE8}") = ".nuget", ".nuget", "{D330458C-A9E0-4149-9B11-B24E4B19EABA}"
	ProjectSection(SolutionItems) = preProject
		.nuget\NuGet.Config = .nuget\NuGet.Config
		.nuget\NuGet.exe = .nuget\NuGet.exe
		.nuget\NuGet.targets = .nuget\NuGet.targets
	EndProjectSection
EndProject
Project("{FAE04EC0-301F-11D3-BF4B-00C04F79EFBC}") = "I2RRexApi", "I2RRexApi\I2RRexApi.csproj", "{A7827DCD-D551-4E6F-B2E5-578A56D501CC}"
EndProject
Global
	GlobalSection(SolutionConfigurationPlatforms) = preSolution
		Debug|Any CPU = Debug|Any CPU
		Debug|Mixed Platforms = Debug|Mixed Platforms
		Debug|x86 = Debug|x86
		Release|Any CPU = Release|Any CPU
		Release|Mixed Platforms = Release|Mixed Platforms
		Release|x86 = Release|x86
	EndGlobalSection
	GlobalSection(ProjectConfigurationPlatforms) = postSolution
		{DD9C2D95-80E7-476C-9852-D4B7CE9F24B4}.Debug|Any CPU.ActiveCfg = Debug|x86
		{DD9C2D95-80E7-476C-9852-D4B7CE9F24B4}.Debug|Mixed Platforms.ActiveCfg = Debug|x86
		{DD9C2D95-80E7-476C-9852-D4B7CE9F24B4}.Debug|Mixed Platforms.Build.0 = Debug|x86
		{DD9C2D95-80E7-476C-9852-D4B7CE9F24B4}.Debug|x86.ActiveCfg = Debug|x86
		{DD9C2D95-80E7-476C-9852-D4B7CE9F24B4}.Debug|x86.Build.0 = Debug|x86
		{DD9C2D95-80E7-476C-9852-D4B7CE9F24B4}.Release|Any CPU.ActiveCfg = Release|x86
		{DD9C2D95-80E7-476C-9852-D4B7CE9F24B4}.Release|Mixed Platforms.ActiveCfg = Release|x86
		{DD9C2D95-80E7-476C-9852-D4B7CE9F24B4}.Release|Mixed Platforms.Build.0 = Release|x86
		{DD9C2D95-80E7-476C-9852-D4B7CE9F24B4}.Release|x86.ActiveCfg = Release|x86
		{DD9C2D95-80E7-476C-9852-D4B7CE9F24B4}.Release|x86.Build.0 = Release|x86
		{A7827DCD-D551-4E6F-B2E5-578A56D501CC}.Debug|Any CPU.ActiveCfg = Debug|Any CPU
		{A7827DCD-D551-4E6F-B2E5-578A56D501CC}.Debug|Any CPU.Build.0 = Debug|Any CPU
		{A7827DCD-D551-4E6F-B2E5-578A56D501CC}.Debug|Mixed Platforms.ActiveCfg = Debug|Any CPU
		{A7827DCD-D551-4E6F-B2E5-578A56D501CC}.Debug|Mixed Platforms.Build.0 = Debug|Any CPU
		{A7827DCD-D551-4E6F-B2E5-578A56D501CC}.Debug|x86.ActiveCfg = Debug|Any CPU
		{A7827DCD-D551-4E6F-B2E5-578A56D501CC}.Release|Any CPU.ActiveCfg = Release|Any CPU
		{A7827DCD-D551-4E6F-B2E5-578A56D501CC}.Release|Any CPU.Build.0 = Release|Any CPU
		{A7827DCD-D551-4E6F-B2E5-578A56D501CC}.Release|Mixed Platforms.ActiveCfg = Release|Any CPU
		{A7827DCD-D551-4E6F-B2E5-578A56D501CC}.Release|Mixed Platforms.Build.0 = Release|Any CPU
		{A7827DCD-D551-4E6F-B2E5-578A56D501CC}.Release|x86.ActiveCfg = Release|Any CPU
	EndGlobalSection
	GlobalSection(SolutionProperties) = preSolution
		HideSolutionNode = FALSE
	EndGlobalSection
EndGlobal
